
Microsoft Visual Studio Solution File, Format Version 12.00
# Visual Studio Version 17
VisualStudioVersion = 17.0.31903.59
MinimumVisualStudioVersion = 10.0.40219.1
Project("{2150E333-8FDC-42A3-9474-1A3956D46DE8}") = "layers", "layers", "{995427CA-CA9A-B93C-DED8-195D3B276907}"
EndProject
Project("{2150E333-8FDC-42A3-9474-1A3956D46DE8}") = "orchestrator-dotnet", "orchestrator-dotnet", "{AE1D66E6-29BF-3245-A67E-AF8A9142817C}"
EndProject
Project("{FAE04EC0-301F-11D3-BF4B-00C04F79EFBC}") = "AJ.Shared", "layers\orchestrator-dotnet\AJ.Shared\AJ.Shared.csproj", "{9B0BA564-D799-45DA-8184-200D2BF69164}"
EndProject
Project("{FAE04EC0-301F-11D3-BF4B-00C04F79EFBC}") = "AJ.Orchestrator.Abstractions", "layers\orchestrator-dotnet\AJ.Orchestrator.Abstractions\AJ.Orchestrator.Abstractions.csproj", "{6B4ABFE4-3D55-4C45-9B1D-9C49BD7C8CF5}"
EndProject
Project("{FAE04EC0-301F-11D3-BF4B-00C04F79EFBC}") = "AJ.Orchestrator.API", "layers\orchestrator-dotnet\AJ.Orchestrator.API\AJ.Orchestrator.API.csproj", "{923B88B2-307B-48D8-8B31-A6D681643087}"
EndProject
Project("{FAE04EC0-301F-11D3-BF4B-00C04F79EFBC}") = "AJ.Orchestrator.Tests", "layers\orchestrator-dotnet\AJ.Orchestrator.Tests\AJ.Orchestrator.Tests.csproj", "{9391B099-C751-4D4B-AB8F-3FC4DBA3961E}"
EndProject
Project("{FAE04EC0-301F-11D3-BF4B-00C04F79EFBC}") = "AJ.Orchestrator.Domain", "layers\orchestrator-dotnet\AJ.Orchestrator.Domain\AJ.Orchestrator.Domain.csproj", "{D1E2F3A4-B5C6-7890-ABCD-567890ABCDEF}"
EndProject
Project("{2150E333-8FDC-42A3-9474-1A3956D46DE8}") = "agents", "agents", "{2FDD818E-F0F0-171D-B9CF-FFDB52980BC2}"
EndProject
Project("{2150E333-8FDC-42A3-9474-1A3956D46DE8}") = "FunnelCloud", "FunnelCloud", "{27F22917-2C8E-EB5D-922E-E452FB4E92BF}"
EndProject
Project("{FAE04EC0-301F-11D3-BF4B-00C04F79EFBC}") = "FunnelCloud.Shared", "layers\agents\FunnelCloud\FunnelCloud.Shared\FunnelCloud.Shared.csproj", "{4440803C-C2AD-4716-8212-63A21A659CA1}"
EndProject
Project("{FAE04EC0-301F-11D3-BF4B-00C04F79EFBC}") = "FunnelCloud.Agent", "layers\agents\FunnelCloud\FunnelCloud.Agent\FunnelCloud.Agent.csproj", "{B0AF75B6-23B4-48A6-91E2-260B1798FF92}"
EndProject
Project("{FAE04EC0-301F-11D3-BF4B-00C04F79EFBC}") = "FunnelCloud.Tests", "layers\agents\FunnelCloud\FunnelCloud.Tests\FunnelCloud.Tests.csproj", "{697190E9-63CB-4644-B0A3-E92F86DE982B}"
EndProject
Global
	GlobalSection(SolutionConfigurationPlatforms) = preSolution
		Debug|Any CPU = Debug|Any CPU
		Debug|x64 = Debug|x64
		Debug|x86 = Debug|x86
		Release|Any CPU = Release|Any CPU
		Release|x64 = Release|x64
		Release|x86 = Release|x86
	EndGlobalSection
	GlobalSection(ProjectConfigurationPlatforms) = postSolution
		{9B0BA564-D799-45DA-8184-200D2BF69164}.Debug|Any CPU.ActiveCfg = Debug|Any CPU
		{9B0BA564-D799-45DA-8184-200D2BF69164}.Debug|Any CPU.Build.0 = Debug|Any CPU
		{9B0BA564-D799-45DA-8184-200D2BF69164}.Debug|x64.ActiveCfg = Debug|Any CPU
		{9B0BA564-D799-45DA-8184-200D2BF69164}.Debug|x64.Build.0 = Debug|Any CPU
		{9B0BA564-D799-45DA-8184-200D2BF69164}.Debug|x86.ActiveCfg = Debug|Any CPU
		{9B0BA564-D799-45DA-8184-200D2BF69164}.Debug|x86.Build.0 = Debug|Any CPU
		{9B0BA564-D799-45DA-8184-200D2BF69164}.Release|Any CPU.ActiveCfg = Release|Any CPU
		{9B0BA564-D799-45DA-8184-200D2BF69164}.Release|Any CPU.Build.0 = Release|Any CPU
		{9B0BA564-D799-45DA-8184-200D2BF69164}.Release|x64.ActiveCfg = Release|Any CPU
		{9B0BA564-D799-45DA-8184-200D2BF69164}.Release|x64.Build.0 = Release|Any CPU
		{9B0BA564-D799-45DA-8184-200D2BF69164}.Release|x86.ActiveCfg = Release|Any CPU
		{9B0BA564-D799-45DA-8184-200D2BF69164}.Release|x86.Build.0 = Release|Any CPU
		{6B4ABFE4-3D55-4C45-9B1D-9C49BD7C8CF5}.Debug|Any CPU.ActiveCfg = Debug|Any CPU
		{6B4ABFE4-3D55-4C45-9B1D-9C49BD7C8CF5}.Debug|Any CPU.Build.0 = Debug|Any CPU
		{6B4ABFE4-3D55-4C45-9B1D-9C49BD7C8CF5}.Debug|x64.ActiveCfg = Debug|Any CPU
		{6B4ABFE4-3D55-4C45-9B1D-9C49BD7C8CF5}.Debug|x64.Build.0 = Debug|Any CPU
		{6B4ABFE4-3D55-4C45-9B1D-9C49BD7C8CF5}.Debug|x86.ActiveCfg = Debug|Any CPU
		{6B4ABFE4-3D55-4C45-9B1D-9C49BD7C8CF5}.Debug|x86.Build.0 = Debug|Any CPU
		{6B4ABFE4-3D55-4C45-9B1D-9C49BD7C8CF5}.Release|Any CPU.ActiveCfg = Release|Any CPU
		{6B4ABFE4-3D55-4C45-9B1D-9C49BD7C8CF5}.Release|Any CPU.Build.0 = Release|Any CPU
		{6B4ABFE4-3D55-4C45-9B1D-9C49BD7C8CF5}.Release|x64.ActiveCfg = Release|Any CPU
		{6B4ABFE4-3D55-4C45-9B1D-9C49BD7C8CF5}.Release|x64.Build.0 = Release|Any CPU
		{6B4ABFE4-3D55-4C45-9B1D-9C49BD7C8CF5}.Release|x86.ActiveCfg = Release|Any CPU
		{6B4ABFE4-3D55-4C45-9B1D-9C49BD7C8CF5}.Release|x86.Build.0 = Release|Any CPU
		{923B88B2-307B-48D8-8B31-A6D681643087}.Debug|Any CPU.ActiveCfg = Debug|Any CPU
		{923B88B2-307B-48D8-8B31-A6D681643087}.Debug|Any CPU.Build.0 = Debug|Any CPU
		{923B88B2-307B-48D8-8B31-A6D681643087}.Debug|x64.ActiveCfg = Debug|Any CPU
		{923B88B2-307B-48D8-8B31-A6D681643087}.Debug|x64.Build.0 = Debug|Any CPU
		{923B88B2-307B-48D8-8B31-A6D681643087}.Debug|x86.ActiveCfg = Debug|Any CPU
		{923B88B2-307B-48D8-8B31-A6D681643087}.Debug|x86.Build.0 = Debug|Any CPU
		{923B88B2-307B-48D8-8B31-A6D681643087}.Release|Any CPU.ActiveCfg = Release|Any CPU
		{923B88B2-307B-48D8-8B31-A6D681643087}.Release|Any CPU.Build.0 = Release|Any CPU
		{923B88B2-307B-48D8-8B31-A6D681643087}.Release|x64.ActiveCfg = Release|Any CPU
		{923B88B2-307B-48D8-8B31-A6D681643087}.Release|x64.Build.0 = Release|Any CPU
		{923B88B2-307B-48D8-8B31-A6D681643087}.Release|x86.ActiveCfg = Release|Any CPU
		{923B88B2-307B-48D8-8B31-A6D681643087}.Release|x86.Build.0 = Release|Any CPU
		{9391B099-C751-4D4B-AB8F-3FC4DBA3961E}.Debug|Any CPU.ActiveCfg = Debug|Any CPU
		{9391B099-C751-4D4B-AB8F-3FC4DBA3961E}.Debug|Any CPU.Build.0 = Debug|Any CPU
		{9391B099-C751-4D4B-AB8F-3FC4DBA3961E}.Debug|x64.ActiveCfg = Debug|Any CPU
		{9391B099-C751-4D4B-AB8F-3FC4DBA3961E}.Debug|x64.Build.0 = Debug|Any CPU
		{9391B099-C751-4D4B-AB8F-3FC4DBA3961E}.Debug|x86.ActiveCfg = Debug|Any CPU
		{9391B099-C751-4D4B-AB8F-3FC4DBA3961E}.Debug|x86.Build.0 = Debug|Any CPU
		{9391B099-C751-4D4B-AB8F-3FC4DBA3961E}.Release|Any CPU.ActiveCfg = Release|Any CPU
		{9391B099-C751-4D4B-AB8F-3FC4DBA3961E}.Release|Any CPU.Build.0 = Release|Any CPU
		{9391B099-C751-4D4B-AB8F-3FC4DBA3961E}.Release|x64.ActiveCfg = Release|Any CPU
		{9391B099-C751-4D4B-AB8F-3FC4DBA3961E}.Release|x64.Build.0 = Release|Any CPU
		{9391B099-C751-4D4B-AB8F-3FC4DBA3961E}.Release|x86.ActiveCfg = Release|Any CPU
		{9391B099-C751-4D4B-AB8F-3FC4DBA3961E}.Release|x86.Build.0 = Release|Any CPU
		{D1E2F3A4-B5C6-7890-ABCD-567890ABCDEF}.Debug|Any CPU.ActiveCfg = Debug|Any CPU
		{D1E2F3A4-B5C6-7890-ABCD-567890ABCDEF}.Debug|Any CPU.Build.0 = Debug|Any CPU
		{D1E2F3A4-B5C6-7890-ABCD-567890ABCDEF}.Debug|x64.ActiveCfg = Debug|Any CPU
		{D1E2F3A4-B5C6-7890-ABCD-567890ABCDEF}.Debug|x64.Build.0 = Debug|Any CPU
		{D1E2F3A4-B5C6-7890-ABCD-567890ABCDEF}.Debug|x86.ActiveCfg = Debug|Any CPU
		{D1E2F3A4-B5C6-7890-ABCD-567890ABCDEF}.Debug|x86.Build.0 = Debug|Any CPU
		{D1E2F3A4-B5C6-7890-ABCD-567890ABCDEF}.Release|Any CPU.ActiveCfg = Release|Any CPU
		{D1E2F3A4-B5C6-7890-ABCD-567890ABCDEF}.Release|Any CPU.Build.0 = Release|Any CPU
		{D1E2F3A4-B5C6-7890-ABCD-567890ABCDEF}.Release|x64.ActiveCfg = Release|Any CPU
		{D1E2F3A4-B5C6-7890-ABCD-567890ABCDEF}.Release|x64.Build.0 = Release|Any CPU
		{D1E2F3A4-B5C6-7890-ABCD-567890ABCDEF}.Release|x86.ActiveCfg = Release|Any CPU
		{D1E2F3A4-B5C6-7890-ABCD-567890ABCDEF}.Release|x86.Build.0 = Release|Any CPU
		{4440803C-C2AD-4716-8212-63A21A659CA1}.Debug|Any CPU.ActiveCfg = Debug|Any CPU
		{4440803C-C2AD-4716-8212-63A21A659CA1}.Debug|Any CPU.Build.0 = Debug|Any CPU
		{4440803C-C2AD-4716-8212-63A21A659CA1}.Debug|x64.ActiveCfg = Debug|Any CPU
		{4440803C-C2AD-4716-8212-63A21A659CA1}.Debug|x64.Build.0 = Debug|Any CPU
		{4440803C-C2AD-4716-8212-63A21A659CA1}.Debug|x86.ActiveCfg = Debug|Any CPU
		{4440803C-C2AD-4716-8212-63A21A659CA1}.Debug|x86.Build.0 = Debug|Any CPU
		{4440803C-C2AD-4716-8212-63A21A659CA1}.Release|Any CPU.ActiveCfg = Release|Any CPU
		{4440803C-C2AD-4716-8212-63A21A659CA1}.Release|Any CPU.Build.0 = Release|Any CPU
		{4440803C-C2AD-4716-8212-63A21A659CA1}.Release|x64.ActiveCfg = Release|Any CPU
		{4440803C-C2AD-4716-8212-63A21A659CA1}.Release|x64.Build.0 = Release|Any CPU
		{4440803C-C2AD-4716-8212-63A21A659CA1}.Release|x86.ActiveCfg = Release|Any CPU
		{4440803C-C2AD-4716-8212-63A21A659CA1}.Release|x86.Build.0 = Release|Any CPU
		{B0AF75B6-23B4-48A6-91E2-260B1798FF92}.Debug|Any CPU.ActiveCfg = Debug|Any CPU
		{B0AF75B6-23B4-48A6-91E2-260B1798FF92}.Debug|Any CPU.Build.0 = Debug|Any CPU
		{B0AF75B6-23B4-48A6-91E2-260B1798FF92}.Debug|x64.ActiveCfg = Debug|Any CPU
		{B0AF75B6-23B4-48A6-91E2-260B1798FF92}.Debug|x64.Build.0 = Debug|Any CPU
		{B0AF75B6-23B4-48A6-91E2-260B1798FF92}.Debug|x86.ActiveCfg = Debug|Any CPU
		{B0AF75B6-23B4-48A6-91E2-260B1798FF92}.Debug|x86.Build.0 = Debug|Any CPU
		{B0AF75B6-23B4-48A6-91E2-260B1798FF92}.Release|Any CPU.ActiveCfg = Release|Any CPU
		{B0AF75B6-23B4-48A6-91E2-260B1798FF92}.Release|Any CPU.Build.0 = Release|Any CPU
		{B0AF75B6-23B4-48A6-91E2-260B1798FF92}.Release|x64.ActiveCfg = Release|Any CPU
		{B0AF75B6-23B4-48A6-91E2-260B1798FF92}.Release|x64.Build.0 = Release|Any CPU
		{B0AF75B6-23B4-48A6-91E2-260B1798FF92}.Release|x86.ActiveCfg = Release|Any CPU
		{B0AF75B6-23B4-48A6-91E2-260B1798FF92}.Release|x86.Build.0 = Release|Any CPU
		{697190E9-63CB-4644-B0A3-E92F86DE982B}.Debug|Any CPU.ActiveCfg = Debug|Any CPU
		{697190E9-63CB-4644-B0A3-E92F86DE982B}.Debug|Any CPU.Build.0 = Debug|Any CPU
		{697190E9-63CB-4644-B0A3-E92F86DE982B}.Debug|x64.ActiveCfg = Debug|Any CPU
		{697190E9-63CB-4644-B0A3-E92F86DE982B}.Debug|x64.Build.0 = Debug|Any CPU
		{697190E9-63CB-4644-B0A3-E92F86DE982B}.Debug|x86.ActiveCfg = Debug|Any CPU
		{697190E9-63CB-4644-B0A3-E92F86DE982B}.Debug|x86.Build.0 = Debug|Any CPU
		{697190E9-63CB-4644-B0A3-E92F86DE982B}.Release|Any CPU.ActiveCfg = Release|Any CPU
		{697190E9-63CB-4644-B0A3-E92F86DE982B}.Release|Any CPU.Build.0 = Release|Any CPU
		{697190E9-63CB-4644-B0A3-E92F86DE982B}.Release|x64.ActiveCfg = Release|Any CPU
		{697190E9-63CB-4644-B0A3-E92F86DE982B}.Release|x64.Build.0 = Release|Any CPU
		{697190E9-63CB-4644-B0A3-E92F86DE982B}.Release|x86.ActiveCfg = Release|Any CPU
		{697190E9-63CB-4644-B0A3-E92F86DE982B}.Release|x86.Build.0 = Release|Any CPU
	EndGlobalSection
	GlobalSection(SolutionProperties) = preSolution
		HideSolutionNode = FALSE
	EndGlobalSection
	GlobalSection(NestedProjects) = preSolution
		{AE1D66E6-29BF-3245-A67E-AF8A9142817C} = {995427CA-CA9A-B93C-DED8-195D3B276907}
		{9B0BA564-D799-45DA-8184-200D2BF69164} = {AE1D66E6-29BF-3245-A67E-AF8A9142817C}
		{6B4ABFE4-3D55-4C45-9B1D-9C49BD7C8CF5} = {AE1D66E6-29BF-3245-A67E-AF8A9142817C}
		{923B88B2-307B-48D8-8B31-A6D681643087} = {AE1D66E6-29BF-3245-A67E-AF8A9142817C}
		{9391B099-C751-4D4B-AB8F-3FC4DBA3961E} = {AE1D66E6-29BF-3245-A67E-AF8A9142817C}
		{D1E2F3A4-B5C6-7890-ABCD-567890ABCDEF} = {AE1D66E6-29BF-3245-A67E-AF8A9142817C}
		{2FDD818E-F0F0-171D-B9CF-FFDB52980BC2} = {995427CA-CA9A-B93C-DED8-195D3B276907}
		{27F22917-2C8E-EB5D-922E-E452FB4E92BF} = {2FDD818E-F0F0-171D-B9CF-FFDB52980BC2}
		{4440803C-C2AD-4716-8212-63A21A659CA1} = {27F22917-2C8E-EB5D-922E-E452FB4E92BF}
		{B0AF75B6-23B4-48A6-91E2-260B1798FF92} = {27F22917-2C8E-EB5D-922E-E452FB4E92BF}
		{697190E9-63CB-4644-B0A3-E92F86DE982B} = {27F22917-2C8E-EB5D-922E-E452FB4E92BF}
	EndGlobalSection
EndGlobal
